// !$*UTF8*$!
{
	archiveVersion = 1;
	classes = {
	};
	objectVersion = 50;
	objects = {

/* Begin PBXBuildFile section */
		7F98422F2103FEF200028F33 /* AppDelegate.swift in Sources */ = {isa = PBXBuildFile; fileRef = 7F98422E2103FEF200028F33 /* AppDelegate.swift */; };
		7F9842312103FEF200028F33 /* ViewController.swift in Sources */ = {isa = PBXBuildFile; fileRef = 7F9842302103FEF200028F33 /* ViewController.swift */; };
		7F9842342103FEF200028F33 /* Main.storyboard in Resources */ = {isa = PBXBuildFile; fileRef = 7F9842322103FEF200028F33 /* Main.storyboard */; };
		7F9842362103FEF400028F33 /* Assets.xcassets in Resources */ = {isa = PBXBuildFile; fileRef = 7F9842352103FEF400028F33 /* Assets.xcassets */; };
		7F9842392103FEF400028F33 /* LaunchScreen.storyboard in Resources */ = {isa = PBXBuildFile; fileRef = 7F9842372103FEF400028F33 /* LaunchScreen.storyboard */; };
		7F9842442103FEF400028F33 /* RideSharingTests.swift in Sources */ = {isa = PBXBuildFile; fileRef = 7F9842432103FEF400028F33 /* RideSharingTests.swift */; };
		7F98424F2103FEF400028F33 /* RideSharingUITests.swift in Sources */ = {isa = PBXBuildFile; fileRef = 7F98424E2103FEF400028F33 /* RideSharingUITests.swift */; };
		7F984260210D0ED700028F33 /* GradientView.swift in Sources */ = {isa = PBXBuildFile; fileRef = 7F98425F210D0ED700028F33 /* GradientView.swift */; };
		7F984262210D12F700028F33 /* RoundedImageView.swift in Sources */ = {isa = PBXBuildFile; fileRef = 7F984261210D12F700028F33 /* RoundedImageView.swift */; };
		7F984264210D13D600028F33 /* RoundedShadowView.swift in Sources */ = {isa = PBXBuildFile; fileRef = 7F984263210D13D600028F33 /* RoundedShadowView.swift */; };
		7F984266210D153200028F33 /* CircleView.swift in Sources */ = {isa = PBXBuildFile; fileRef = 7F984265210D153200028F33 /* CircleView.swift */; };
		7F984268210D167000028F33 /* RoundedShadowButton.swift in Sources */ = {isa = PBXBuildFile; fileRef = 7F984267210D167000028F33 /* RoundedShadowButton.swift */; };
		CBADE8C0DE95769F6A2A7530 /* Pods_RideSharing.framework in Frameworks */ = {isa = PBXBuildFile; fileRef = 9EA74E3C5B6DECDC07C89A8F /* Pods_RideSharing.framework */; };
/* End PBXBuildFile section */

/* Begin PBXContainerItemProxy section */
		7F9842402103FEF400028F33 /* PBXContainerItemProxy */ = {
			isa = PBXContainerItemProxy;
			containerPortal = 7F9842232103FEF200028F33 /* Project object */;
			proxyType = 1;
			remoteGlobalIDString = 7F98422A2103FEF200028F33;
			remoteInfo = RideSharing;
		};
		7F98424B2103FEF400028F33 /* PBXContainerItemProxy */ = {
			isa = PBXContainerItemProxy;
			containerPortal = 7F9842232103FEF200028F33 /* Project object */;
			proxyType = 1;
			remoteGlobalIDString = 7F98422A2103FEF200028F33;
			remoteInfo = RideSharing;
		};
/* End PBXContainerItemProxy section */

/* Begin PBXFileReference section */
		388F53ABDE167C6DB9E43857 /* Pods-RideSharing.debug.xcconfig */ = {isa = PBXFileReference; includeInIndex = 1; lastKnownFileType = text.xcconfig; name = "Pods-RideSharing.debug.xcconfig"; path = "Pods/Target Support Files/Pods-RideSharing/Pods-RideSharing.debug.xcconfig"; sourceTree = "<group>"; };
		7F98422B2103FEF200028F33 /* RideSharing.app */ = {isa = PBXFileReference; explicitFileType = wrapper.application; includeInIndex = 0; path = RideSharing.app; sourceTree = BUILT_PRODUCTS_DIR; };
		7F98422E2103FEF200028F33 /* AppDelegate.swift */ = {isa = PBXFileReference; lastKnownFileType = sourcecode.swift; path = AppDelegate.swift; sourceTree = "<group>"; };
		7F9842302103FEF200028F33 /* ViewController.swift */ = {isa = PBXFileReference; lastKnownFileType = sourcecode.swift; path = ViewController.swift; sourceTree = "<group>"; };
		7F9842332103FEF200028F33 /* Base */ = {isa = PBXFileReference; lastKnownFileType = file.storyboard; name = Base; path = Base.lproj/Main.storyboard; sourceTree = "<group>"; };
		7F9842352103FEF400028F33 /* Assets.xcassets */ = {isa = PBXFileReference; lastKnownFileType = folder.assetcatalog; path = Assets.xcassets; sourceTree = "<group>"; };
		7F9842382103FEF400028F33 /* Base */ = {isa = PBXFileReference; lastKnownFileType = file.storyboard; name = Base; path = Base.lproj/LaunchScreen.storyboard; sourceTree = "<group>"; };
		7F98423A2103FEF400028F33 /* Info.plist */ = {isa = PBXFileReference; lastKnownFileType = text.plist.xml; path = Info.plist; sourceTree = "<group>"; };
		7F98423F2103FEF400028F33 /* RideSharingTests.xctest */ = {isa = PBXFileReference; explicitFileType = wrapper.cfbundle; includeInIndex = 0; path = RideSharingTests.xctest; sourceTree = BUILT_PRODUCTS_DIR; };
		7F9842432103FEF400028F33 /* RideSharingTests.swift */ = {isa = PBXFileReference; lastKnownFileType = sourcecode.swift; path = RideSharingTests.swift; sourceTree = "<group>"; };
		7F9842452103FEF400028F33 /* Info.plist */ = {isa = PBXFileReference; lastKnownFileType = text.plist.xml; path = Info.plist; sourceTree = "<group>"; };
		7F98424A2103FEF400028F33 /* RideSharingUITests.xctest */ = {isa = PBXFileReference; explicitFileType = wrapper.cfbundle; includeInIndex = 0; path = RideSharingUITests.xctest; sourceTree = BUILT_PRODUCTS_DIR; };
		7F98424E2103FEF400028F33 /* RideSharingUITests.swift */ = {isa = PBXFileReference; lastKnownFileType = sourcecode.swift; path = RideSharingUITests.swift; sourceTree = "<group>"; };
		7F9842502103FEF500028F33 /* Info.plist */ = {isa = PBXFileReference; lastKnownFileType = text.plist.xml; path = Info.plist; sourceTree = "<group>"; };
		7F98425F210D0ED700028F33 /* GradientView.swift */ = {isa = PBXFileReference; lastKnownFileType = sourcecode.swift; path = GradientView.swift; sourceTree = "<group>"; };
		7F984261210D12F700028F33 /* RoundedImageView.swift */ = {isa = PBXFileReference; lastKnownFileType = sourcecode.swift; path = RoundedImageView.swift; sourceTree = "<group>"; };
		7F984263210D13D600028F33 /* RoundedShadowView.swift */ = {isa = PBXFileReference; lastKnownFileType = sourcecode.swift; path = RoundedShadowView.swift; sourceTree = "<group>"; };
		7F984265210D153200028F33 /* CircleView.swift */ = {isa = PBXFileReference; lastKnownFileType = sourcecode.swift; path = CircleView.swift; sourceTree = "<group>"; };
		7F984267210D167000028F33 /* RoundedShadowButton.swift */ = {isa = PBXFileReference; lastKnownFileType = sourcecode.swift; path = RoundedShadowButton.swift; sourceTree = "<group>"; };
		9EA74E3C5B6DECDC07C89A8F /* Pods_RideSharing.framework */ = {isa = PBXFileReference; explicitFileType = wrapper.framework; includeInIndex = 0; path = Pods_RideSharing.framework; sourceTree = BUILT_PRODUCTS_DIR; };
		B5C752CC566104354C856C19 /* Pods-RideSharing.release.xcconfig */ = {isa = PBXFileReference; includeInIndex = 1; lastKnownFileType = text.xcconfig; name = "Pods-RideSharing.release.xcconfig"; path = "Pods/Target Support Files/Pods-RideSharing/Pods-RideSharing.release.xcconfig"; sourceTree = "<group>"; };
/* End PBXFileReference section */

/* Begin PBXFrameworksBuildPhase section */
		7F9842282103FEF200028F33 /* Frameworks */ = {
			isa = PBXFrameworksBuildPhase;
			buildActionMask = 2147483647;
			files = (
				CBADE8C0DE95769F6A2A7530 /* Pods_RideSharing.framework in Frameworks */,
			);
			runOnlyForDeploymentPostprocessing = 0;
		};
		7F98423C2103FEF400028F33 /* Frameworks */ = {
			isa = PBXFrameworksBuildPhase;
			buildActionMask = 2147483647;
			files = (
			);
			runOnlyForDeploymentPostprocessing = 0;
		};
		7F9842472103FEF400028F33 /* Frameworks */ = {
			isa = PBXFrameworksBuildPhase;
			buildActionMask = 2147483647;
			files = (
			);
			runOnlyForDeploymentPostprocessing = 0;
		};
/* End PBXFrameworksBuildPhase section */

/* Begin PBXGroup section */
		3FDFE2B85DDAB40BF1559AD4 /* Frameworks */ = {
			isa = PBXGroup;
			children = (
				9EA74E3C5B6DECDC07C89A8F /* Pods_RideSharing.framework */,
			);
			name = Frameworks;
			sourceTree = "<group>";
		};
		50DD8EC7C557E4F8E63DBF6D /* Pods */ = {
			isa = PBXGroup;
			children = (
				388F53ABDE167C6DB9E43857 /* Pods-RideSharing.debug.xcconfig */,
				B5C752CC566104354C856C19 /* Pods-RideSharing.release.xcconfig */,
			);
			name = Pods;
			sourceTree = "<group>";
		};
		7F9842222103FEF200028F33 = {
			isa = PBXGroup;
			children = (
				7F98422D2103FEF200028F33 /* RideSharing */,
				7F9842422103FEF400028F33 /* RideSharingTests */,
				7F98424D2103FEF400028F33 /* RideSharingUITests */,
				7F98422C2103FEF200028F33 /* Products */,
				50DD8EC7C557E4F8E63DBF6D /* Pods */,
				3FDFE2B85DDAB40BF1559AD4 /* Frameworks */,
			);
			sourceTree = "<group>";
		};
		7F98422C2103FEF200028F33 /* Products */ = {
			isa = PBXGroup;
			children = (
				7F98422B2103FEF200028F33 /* RideSharing.app */,
				7F98423F2103FEF400028F33 /* RideSharingTests.xctest */,
				7F98424A2103FEF400028F33 /* RideSharingUITests.xctest */,
			);
			name = Products;
			sourceTree = "<group>";
		};
		7F98422D2103FEF200028F33 /* RideSharing */ = {
			isa = PBXGroup;
			children = (
				7F98425E210D0B8000028F33 /* Modal */,
				7F98425D210D0B7B00028F33 /* View */,
				7F98425C210D0B6E00028F33 /* Controller */,
				7F98422E2103FEF200028F33 /* AppDelegate.swift */,
				7F9842302103FEF200028F33 /* ViewController.swift */,
				7F9842322103FEF200028F33 /* Main.storyboard */,
				7F9842352103FEF400028F33 /* Assets.xcassets */,
				7F9842372103FEF400028F33 /* LaunchScreen.storyboard */,
				7F98423A2103FEF400028F33 /* Info.plist */,
			);
			path = RideSharing;
			sourceTree = "<group>";
		};
		7F9842422103FEF400028F33 /* RideSharingTests */ = {
			isa = PBXGroup;
			children = (
				7F9842432103FEF400028F33 /* RideSharingTests.swift */,
				7F9842452103FEF400028F33 /* Info.plist */,
			);
			path = RideSharingTests;
			sourceTree = "<group>";
		};
		7F98424D2103FEF400028F33 /* RideSharingUITests */ = {
			isa = PBXGroup;
			children = (
				7F98424E2103FEF400028F33 /* RideSharingUITests.swift */,
				7F9842502103FEF500028F33 /* Info.plist */,
			);
			path = RideSharingUITests;
			sourceTree = "<group>";
		};
		7F98425C210D0B6E00028F33 /* Controller */ = {
			isa = PBXGroup;
			children = (
			);
			path = Controller;
			sourceTree = "<group>";
		};
		7F98425D210D0B7B00028F33 /* View */ = {
			isa = PBXGroup;
			children = (
				7F98425F210D0ED700028F33 /* GradientView.swift */,
				7F984261210D12F700028F33 /* RoundedImageView.swift */,
				7F984263210D13D600028F33 /* RoundedShadowView.swift */,
				7F984265210D153200028F33 /* CircleView.swift */,
				7F984267210D167000028F33 /* RoundedShadowButton.swift */,
			);
			path = View;
			sourceTree = "<group>";
		};
		7F98425E210D0B8000028F33 /* Modal */ = {
			isa = PBXGroup;
			children = (
			);
			path = Modal;
			sourceTree = "<group>";
		};
/* End PBXGroup section */

/* Begin PBXNativeTarget section */
		7F98422A2103FEF200028F33 /* RideSharing */ = {
			isa = PBXNativeTarget;
			buildConfigurationList = 7F9842532103FEF500028F33 /* Build configuration list for PBXNativeTarget "RideSharing" */;
			buildPhases = (
				D8FF90FE7B61C053131422B4 /* [CP] Check Pods Manifest.lock */,
				7F9842272103FEF200028F33 /* Sources */,
				7F9842282103FEF200028F33 /* Frameworks */,
				7F9842292103FEF200028F33 /* Resources */,
				27F44B58AC3785175FC42B23 /* [CP] Embed Pods Frameworks */,
			);
			buildRules = (
			);
			dependencies = (
			);
			name = RideSharing;
			productName = RideSharing;
			productReference = 7F98422B2103FEF200028F33 /* RideSharing.app */;
			productType = "com.apple.product-type.application";
		};
		7F98423E2103FEF400028F33 /* RideSharingTests */ = {
			isa = PBXNativeTarget;
			buildConfigurationList = 7F9842562103FEF500028F33 /* Build configuration list for PBXNativeTarget "RideSharingTests" */;
			buildPhases = (
				7F98423B2103FEF400028F33 /* Sources */,
				7F98423C2103FEF400028F33 /* Frameworks */,
				7F98423D2103FEF400028F33 /* Resources */,
			);
			buildRules = (
			);
			dependencies = (
				7F9842412103FEF400028F33 /* PBXTargetDependency */,
			);
			name = RideSharingTests;
			productName = RideSharingTests;
			productReference = 7F98423F2103FEF400028F33 /* RideSharingTests.xctest */;
			productType = "com.apple.product-type.bundle.unit-test";
		};
		7F9842492103FEF400028F33 /* RideSharingUITests */ = {
			isa = PBXNativeTarget;
			buildConfigurationList = 7F9842592103FEF500028F33 /* Build configuration list for PBXNativeTarget "RideSharingUITests" */;
			buildPhases = (
				7F9842462103FEF400028F33 /* Sources */,
				7F9842472103FEF400028F33 /* Frameworks */,
				7F9842482103FEF400028F33 /* Resources */,
			);
			buildRules = (
			);
			dependencies = (
				7F98424C2103FEF400028F33 /* PBXTargetDependency */,
			);
			name = RideSharingUITests;
			productName = RideSharingUITests;
			productReference = 7F98424A2103FEF400028F33 /* RideSharingUITests.xctest */;
			productType = "com.apple.product-type.bundle.ui-testing";
		};
/* End PBXNativeTarget section */

/* Begin PBXProject section */
		7F9842232103FEF200028F33 /* Project object */ = {
			isa = PBXProject;
			attributes = {
				LastSwiftUpdateCheck = 0940;
				LastUpgradeCheck = 0940;
				ORGANIZATIONNAME = Esper;
				TargetAttributes = {
					7F98422A2103FEF200028F33 = {
						CreatedOnToolsVersion = 9.4.1;
					};
					7F98423E2103FEF400028F33 = {
						CreatedOnToolsVersion = 9.4.1;
						TestTargetID = 7F98422A2103FEF200028F33;
					};
					7F9842492103FEF400028F33 = {
						CreatedOnToolsVersion = 9.4.1;
						TestTargetID = 7F98422A2103FEF200028F33;
					};
				};
			};
			buildConfigurationList = 7F9842262103FEF200028F33 /* Build configuration list for PBXProject "RideSharing" */;
			compatibilityVersion = "Xcode 9.3";
			developmentRegion = en;
			hasScannedForEncodings = 0;
			knownRegions = (
				en,
				Base,
			);
			mainGroup = 7F9842222103FEF200028F33;
			productRefGroup = 7F98422C2103FEF200028F33 /* Products */;
			projectDirPath = "";
			projectRoot = "";
			targets = (
				7F98422A2103FEF200028F33 /* RideSharing */,
				7F98423E2103FEF400028F33 /* RideSharingTests */,
				7F9842492103FEF400028F33 /* RideSharingUITests */,
			);
		};
/* End PBXProject section */

/* Begin PBXResourcesBuildPhase section */
		7F9842292103FEF200028F33 /* Resources */ = {
			isa = PBXResourcesBuildPhase;
			buildActionMask = 2147483647;
			files = (
				7F9842392103FEF400028F33 /* LaunchScreen.storyboard in Resources */,
				7F9842362103FEF400028F33 /* Assets.xcassets in Resources */,
				7F9842342103FEF200028F33 /* Main.storyboard in Resources */,
			);
			runOnlyForDeploymentPostprocessing = 0;
		};
		7F98423D2103FEF400028F33 /* Resources */ = {
			isa = PBXResourcesBuildPhase;
			buildActionMask = 2147483647;
			files = (
			);
			runOnlyForDeploymentPostprocessing = 0;
		};
		7F9842482103FEF400028F33 /* Resources */ = {
			isa = PBXResourcesBuildPhase;
			buildActionMask = 2147483647;
			files = (
			);
			runOnlyForDeploymentPostprocessing = 0;
		};
/* End PBXResourcesBuildPhase section */

/* Begin PBXShellScriptBuildPhase section */
		27F44B58AC3785175FC42B23 /* [CP] Embed Pods Frameworks */ = {
			isa = PBXShellScriptBuildPhase;
			buildActionMask = 2147483647;
			files = (
			);
			inputPaths = (
				"${SRCROOT}/Pods/Target Support Files/Pods-RideSharing/Pods-RideSharing-frameworks.sh",
				"${BUILT_PRODUCTS_DIR}/GTMSessionFetcher/GTMSessionFetcher.framework",
				"${BUILT_PRODUCTS_DIR}/GoogleToolboxForMac/GoogleToolboxForMac.framework",
				"${BUILT_PRODUCTS_DIR}/RevealingSplashView/RevealingSplashView.framework",
				"${BUILT_PRODUCTS_DIR}/leveldb-library/leveldb.framework",
				"${BUILT_PRODUCTS_DIR}/nanopb/nanopb.framework",
			);
			name = "[CP] Embed Pods Frameworks";
			outputPaths = (
				"${TARGET_BUILD_DIR}/${FRAMEWORKS_FOLDER_PATH}/GTMSessionFetcher.framework",
				"${TARGET_BUILD_DIR}/${FRAMEWORKS_FOLDER_PATH}/GoogleToolboxForMac.framework",
				"${TARGET_BUILD_DIR}/${FRAMEWORKS_FOLDER_PATH}/RevealingSplashView.framework",
				"${TARGET_BUILD_DIR}/${FRAMEWORKS_FOLDER_PATH}/leveldb.framework",
				"${TARGET_BUILD_DIR}/${FRAMEWORKS_FOLDER_PATH}/nanopb.framework",
			);
			runOnlyForDeploymentPostprocessing = 0;
			shellPath = /bin/sh;
			shellScript = "\"${SRCROOT}/Pods/Target Support Files/Pods-RideSharing/Pods-RideSharing-frameworks.sh\"\n";
			showEnvVarsInLog = 0;
		};
		D8FF90FE7B61C053131422B4 /* [CP] Check Pods Manifest.lock */ = {
			isa = PBXShellScriptBuildPhase;
			buildActionMask = 2147483647;
			files = (
			);
			inputPaths = (
				"${PODS_PODFILE_DIR_PATH}/Podfile.lock",
				"${PODS_ROOT}/Manifest.lock",
			);
			name = "[CP] Check Pods Manifest.lock";
			outputPaths = (
				"$(DERIVED_FILE_DIR)/Pods-RideSharing-checkManifestLockResult.txt",
			);
			runOnlyForDeploymentPostprocessing = 0;
			shellPath = /bin/sh;
			shellScript = "diff \"${PODS_PODFILE_DIR_PATH}/Podfile.lock\" \"${PODS_ROOT}/Manifest.lock\" > /dev/null\nif [ $? != 0 ] ; then\n    # print error to STDERR\n    echo \"error: The sandbox is not in sync with the Podfile.lock. Run 'pod install' or update your CocoaPods installation.\" >&2\n    exit 1\nfi\n# This output is used by Xcode 'outputs' to avoid re-running this script phase.\necho \"SUCCESS\" > \"${SCRIPT_OUTPUT_FILE_0}\"\n";
			showEnvVarsInLog = 0;
		};
/* End PBXShellScriptBuildPhase section */

/* Begin PBXSourcesBuildPhase section */
		7F9842272103FEF200028F33 /* Sources */ = {
			isa = PBXSourcesBuildPhase;
			buildActionMask = 2147483647;
			files = (
				7F984268210D167000028F33 /* RoundedShadowButton.swift in Sources */,
				7F984266210D153200028F33 /* CircleView.swift in Sources */,
				7F984262210D12F700028F33 /* RoundedImageView.swift in Sources */,
				7F9842312103FEF200028F33 /* ViewController.swift in Sources */,
				7F984264210D13D600028F33 /* RoundedShadowView.swift in Sources */,
				7F98422F2103FEF200028F33 /* AppDelegate.swift in Sources */,
				7F984260210D0ED700028F33 /* GradientView.swift in Sources */,
			);
			runOnlyForDeploymentPostprocessing = 0;
		};
		7F98423B2103FEF400028F33 /* Sources */ = {
			isa = PBXSourcesBuildPhase;
			buildActionMask = 2147483647;
			files = (
				7F9842442103FEF400028F33 /* RideSharingTests.swift in Sources */,
			);
			runOnlyForDeploymentPostprocessing = 0;
		};
		7F9842462103FEF400028F33 /* Sources */ = {
			isa = PBXSourcesBuildPhase;
			buildActionMask = 2147483647;
			files = (
				7F98424F2103FEF400028F33 /* RideSharingUITests.swift in Sources */,
			);
			runOnlyForDeploymentPostprocessing = 0;
		};
/* End PBXSourcesBuildPhase section */

/* Begin PBXTargetDependency section */
		7F9842412103FEF400028F33 /* PBXTargetDependency */ = {
			isa = PBXTargetDependency;
			target = 7F98422A2103FEF200028F33 /* RideSharing */;
			targetProxy = 7F9842402103FEF400028F33 /* PBXContainerItemProxy */;
		};
		7F98424C2103FEF400028F33 /* PBXTargetDependency */ = {
			isa = PBXTargetDependency;
			target = 7F98422A2103FEF200028F33 /* RideSharing */;
			targetProxy = 7F98424B2103FEF400028F33 /* PBXContainerItemProxy */;
		};
/* End PBXTargetDependency section */

/* Begin PBXVariantGroup section */
		7F9842322103FEF200028F33 /* Main.storyboard */ = {
			isa = PBXVariantGroup;
			children = (
				7F9842332103FEF200028F33 /* Base */,
			);
			name = Main.storyboard;
			sourceTree = "<group>";
		};
		7F9842372103FEF400028F33 /* LaunchScreen.storyboard */ = {
			isa = PBXVariantGroup;
			children = (
				7F9842382103FEF400028F33 /* Base */,
			);
			name = LaunchScreen.storyboard;
			sourceTree = "<group>";
		};
/* End PBXVariantGroup section */

/* Begin XCBuildConfiguration section */
		7F9842512103FEF500028F33 /* Debug */ = {
			isa = XCBuildConfiguration;
			buildSettings = {
				ALWAYS_SEARCH_USER_PATHS = NO;
				CLANG_ANALYZER_NONNULL = YES;
				CLANG_ANALYZER_NUMBER_OBJECT_CONVERSION = YES_AGGRESSIVE;
				CLANG_CXX_LANGUAGE_STANDARD = "gnu++14";
				CLANG_CXX_LIBRARY = "libc++";
				CLANG_ENABLE_MODULES = YES;
				CLANG_ENABLE_OBJC_ARC = YES;
				CLANG_ENABLE_OBJC_WEAK = YES;
				CLANG_WARN_BLOCK_CAPTURE_AUTORELEASING = YES;
				CLANG_WARN_BOOL_CONVERSION = YES;
				CLANG_WARN_COMMA = YES;
				CLANG_WARN_CONSTANT_CONVERSION = YES;
				CLANG_WARN_DEPRECATED_OBJC_IMPLEMENTATIONS = YES;
				CLANG_WARN_DIRECT_OBJC_ISA_USAGE = YES_ERROR;
				CLANG_WARN_DOCUMENTATION_COMMENTS = YES;
				CLANG_WARN_EMPTY_BODY = YES;
				CLANG_WARN_ENUM_CONVERSION = YES;
				CLANG_WARN_INFINITE_RECURSION = YES;
				CLANG_WARN_INT_CONVERSION = YES;
				CLANG_WARN_NON_LITERAL_NULL_CONVERSION = YES;
				CLANG_WARN_OBJC_IMPLICIT_RETAIN_SELF = YES;
				CLANG_WARN_OBJC_LITERAL_CONVERSION = YES;
				CLANG_WARN_OBJC_ROOT_CLASS = YES_ERROR;
				CLANG_WARN_RANGE_LOOP_ANALYSIS = YES;
				CLANG_WARN_STRICT_PROTOTYPES = YES;
				CLANG_WARN_SUSPICIOUS_MOVE = YES;
				CLANG_WARN_UNGUARDED_AVAILABILITY = YES_AGGRESSIVE;
				CLANG_WARN_UNREACHABLE_CODE = YES;
				CLANG_WARN__DUPLICATE_METHOD_MATCH = YES;
				CODE_SIGN_IDENTITY = "iPhone Developer";
				COPY_PHASE_STRIP = NO;
				DEBUG_INFORMATION_FORMAT = dwarf;
				ENABLE_STRICT_OBJC_MSGSEND = YES;
				ENABLE_TESTABILITY = YES;
				GCC_C_LANGUAGE_STANDARD = gnu11;
				GCC_DYNAMIC_NO_PIC = NO;
				GCC_NO_COMMON_BLOCKS = YES;
				GCC_OPTIMIZATION_LEVEL = 0;
				GCC_PREPROCESSOR_DEFINITIONS = (
					"DEBUG=1",
					"$(inherited)",
				);
				GCC_WARN_64_TO_32_BIT_CONVERSION = YES;
				GCC_WARN_ABOUT_RETURN_TYPE = YES_ERROR;
				GCC_WARN_UNDECLARED_SELECTOR = YES;
				GCC_WARN_UNINITIALIZED_AUTOS = YES_AGGRESSIVE;
				GCC_WARN_UNUSED_FUNCTION = YES;
				GCC_WARN_UNUSED_VARIABLE = YES;
				IPHONEOS_DEPLOYMENT_TARGET = 11.4;
				MTL_ENABLE_DEBUG_INFO = YES;
				ONLY_ACTIVE_ARCH = YES;
				SDKROOT = iphoneos;
				SWIFT_ACTIVE_COMPILATION_CONDITIONS = DEBUG;
				SWIFT_OPTIMIZATION_LEVEL = "-Onone";
			};
			name = Debug;
		};
		7F9842522103FEF500028F33 /* Release */ = {
			isa = XCBuildConfiguration;
			buildSettings = {
				ALWAYS_SEARCH_USER_PATHS = NO;
				CLANG_ANALYZER_NONNULL = YES;
				CLANG_ANALYZER_NUMBER_OBJECT_CONVERSION = YES_AGGRESSIVE;
				CLANG_CXX_LANGUAGE_STANDARD = "gnu++14";
				CLANG_CXX_LIBRARY = "libc++";
				CLANG_ENABLE_MODULES = YES;
				CLANG_ENABLE_OBJC_ARC = YES;
				CLANG_ENABLE_OBJC_WEAK = YES;
				CLANG_WARN_BLOCK_CAPTURE_AUTORELEASING = YES;
				CLANG_WARN_BOOL_CONVERSION = YES;
				CLANG_WARN_COMMA = YES;
				CLANG_WARN_CONSTANT_CONVERSION = YES;
				CLANG_WARN_DEPRECATED_OBJC_IMPLEMENTATIONS = YES;
				CLANG_WARN_DIRECT_OBJC_ISA_USAGE = YES_ERROR;
				CLANG_WARN_DOCUMENTATION_COMMENTS = YES;
				CLANG_WARN_EMPTY_BODY = YES;
				CLANG_WARN_ENUM_CONVERSION = YES;
				CLANG_WARN_INFINITE_RECURSION = YES;
				CLANG_WARN_INT_CONVERSION = YES;
				CLANG_WARN_NON_LITERAL_NULL_CONVERSION = YES;
				CLANG_WARN_OBJC_IMPLICIT_RETAIN_SELF = YES;
				CLANG_WARN_OBJC_LITERAL_CONVERSION = YES;
				CLANG_WARN_OBJC_ROOT_CLASS = YES_ERROR;
				CLANG_WARN_RANGE_LOOP_ANALYSIS = YES;
				CLANG_WARN_STRICT_PROTOTYPES = YES;
				CLANG_WARN_SUSPICIOUS_MOVE = YES;
				CLANG_WARN_UNGUARDED_AVAILABILITY = YES_AGGRESSIVE;
				CLANG_WARN_UNREACHABLE_CODE = YES;
				CLANG_WARN__DUPLICATE_METHOD_MATCH = YES;
				CODE_SIGN_IDENTITY = "iPhone Developer";
				COPY_PHASE_STRIP = NO;
				DEBUG_INFORMATION_FORMAT = "dwarf-with-dsym";
				ENABLE_NS_ASSERTIONS = NO;
				ENABLE_STRICT_OBJC_MSGSEND = YES;
				GCC_C_LANGUAGE_STANDARD = gnu11;
				GCC_NO_COMMON_BLOCKS = YES;
				GCC_WARN_64_TO_32_BIT_CONVERSION = YES;
				GCC_WARN_ABOUT_RETURN_TYPE = YES_ERROR;
				GCC_WARN_UNDECLARED_SELECTOR = YES;
				GCC_WARN_UNINITIALIZED_AUTOS = YES_AGGRESSIVE;
				GCC_WARN_UNUSED_FUNCTION = YES;
				GCC_WARN_UNUSED_VARIABLE = YES;
				IPHONEOS_DEPLOYMENT_TARGET = 11.4;
				MTL_ENABLE_DEBUG_INFO = NO;
				SDKROOT = iphoneos;
				SWIFT_COMPILATION_MODE = wholemodule;
				SWIFT_OPTIMIZATION_LEVEL = "-O";
				VALIDATE_PRODUCT = YES;
			};
			name = Release;
		};
		7F9842542103FEF500028F33 /* Debug */ = {
			isa = XCBuildConfiguration;
			baseConfigurationReference = 388F53ABDE167C6DB9E43857 /* Pods-RideSharing.debug.xcconfig */;
			buildSettings = {
				ASSETCATALOG_COMPILER_APPICON_NAME = AppIcon;
				CODE_SIGN_STYLE = Automatic;
				DEVELOPMENT_TEAM = EJD538U5T2;
				INFOPLIST_FILE = RideSharing/Info.plist;
				LD_RUNPATH_SEARCH_PATHS = (
					"$(inherited)",
					"@executable_path/Frameworks",
				);
				PRODUCT_BUNDLE_IDENTIFIER = com.Shubham.RideSharing;
				PRODUCT_NAME = "$(TARGET_NAME)";
				SWIFT_VERSION = 4.0;
				TARGETED_DEVICE_FAMILY = "1,2";
			};
			name = Debug;
		};
		7F9842552103FEF500028F33 /* Release */ = {
			isa = XCBuildConfiguration;
			baseConfigurationReference = B5C752CC566104354C856C19 /* Pods-RideSharing.release.xcconfig */;
			buildSettings = {
				ASSETCATALOG_COMPILER_APPICON_NAME = AppIcon;
				CODE_SIGN_STYLE = Automatic;
				DEVELOPMENT_TEAM = EJD538U5T2;
				INFOPLIST_FILE = RideSharing/Info.plist;
				LD_RUNPATH_SEARCH_PATHS = (
					"$(inherited)",
					"@executable_path/Frameworks",
				);
				PRODUCT_BUNDLE_IDENTIFIER = com.Shubham.RideSharing;
				PRODUCT_NAME = "$(TARGET_NAME)";
				SWIFT_VERSION = 4.0;
				TARGETED_DEVICE_FAMILY = "1,2";
			};
			name = Release;
		};
		7F9842572103FEF500028F33 /* Debug */ = {
			isa = XCBuildConfiguration;
			buildSettings = {
				ALWAYS_EMBED_SWIFT_STANDARD_LIBRARIES = YES;
				BUNDLE_LOADER = "$(TEST_HOST)";
				CODE_SIGN_STYLE = Automatic;
				DEVELOPMENT_TEAM = EJD538U5T2;
				INFOPLIST_FILE = RideSharingTests/Info.plist;
				LD_RUNPATH_SEARCH_PATHS = (
					"$(inherited)",
					"@executable_path/Frameworks",
					"@loader_path/Frameworks",
				);
				PRODUCT_BUNDLE_IDENTIFIER = com.Shubham.RideSharingTests;
				PRODUCT_NAME = "$(TARGET_NAME)";
				SWIFT_VERSION = 4.0;
				TARGETED_DEVICE_FAMILY = "1,2";
				TEST_HOST = "$(BUILT_PRODUCTS_DIR)/RideSharing.app/RideSharing";
			};
			name = Debug;
		};
		7F9842582103FEF500028F33 /* Release */ = {
			isa = XCBuildConfiguration;
			buildSettings = {
				ALWAYS_EMBED_SWIFT_STANDARD_LIBRARIES = YES;
				BUNDLE_LOADER = "$(TEST_HOST)";
				CODE_SIGN_STYLE = Automatic;
				DEVELOPMENT_TEAM = EJD538U5T2;
				INFOPLIST_FILE = RideSharingTests/Info.plist;
				LD_RUNPATH_SEARCH_PATHS = (
					"$(inherited)",
					"@executable_path/Frameworks",
					"@loader_path/Frameworks",
				);
				PRODUCT_BUNDLE_IDENTIFIER = com.Shubham.RideSharingTests;
				PRODUCT_NAME = "$(TARGET_NAME)";
				SWIFT_VERSION = 4.0;
				TARGETED_DEVICE_FAMILY = "1,2";
				TEST_HOST = "$(BUILT_PRODUCTS_DIR)/RideSharing.app/RideSharing";
			};
			name = Release;
		};
		7F98425A2103FEF500028F33 /* Debug */ = {
			isa = XCBuildConfiguration;
			buildSettings = {
				ALWAYS_EMBED_SWIFT_STANDARD_LIBRARIES = YES;
				CODE_SIGN_STYLE = Automatic;
				DEVELOPMENT_TEAM = EJD538U5T2;
				INFOPLIST_FILE = RideSharingUITests/Info.plist;
				LD_RUNPATH_SEARCH_PATHS = (
					"$(inherited)",
					"@executable_path/Frameworks",
					"@loader_path/Frameworks",
				);
				PRODUCT_BUNDLE_IDENTIFIER = com.Shubham.RideSharingUITests;
				PRODUCT_NAME = "$(TARGET_NAME)";
				SWIFT_VERSION = 4.0;
				TARGETED_DEVICE_FAMILY = "1,2";
				TEST_TARGET_NAME = RideSharing;
			};
			name = Debug;
		};
		7F98425B2103FEF500028F33 /* Release */ = {
			isa = XCBuildConfiguration;
			buildSettings = {
				ALWAYS_EMBED_SWIFT_STANDARD_LIBRARIES = YES;
				CODE_SIGN_STYLE = Automatic;
				DEVELOPMENT_TEAM = EJD538U5T2;
				INFOPLIST_FILE = RideSharingUITests/Info.plist;
				LD_RUNPATH_SEARCH_PATHS = (
					"$(inherited)",
					"@executable_path/Frameworks",
					"@loader_path/Frameworks",
				);
				PRODUCT_BUNDLE_IDENTIFIER = com.Shubham.RideSharingUITests;
				PRODUCT_NAME = "$(TARGET_NAME)";
				SWIFT_VERSION = 4.0;
				TARGETED_DEVICE_FAMILY = "1,2";
				TEST_TARGET_NAME = RideSharing;
			};
			name = Release;
		};
/* End XCBuildConfiguration section */

/* Begin XCConfigurationList section */
		7F9842262103FEF200028F33 /* Build configuration list for PBXProject "RideSharing" */ = {
			isa = XCConfigurationList;
			buildConfigurations = (
				7F9842512103FEF500028F33 /* Debug */,
				7F9842522103FEF500028F33 /* Release */,
			);
			defaultConfigurationIsVisible = 0;
			defaultConfigurationName = Release;
		};
		7F9842532103FEF500028F33 /* Build configuration list for PBXNativeTarget "RideSharing" */ = {
			isa = XCConfigurationList;
			buildConfigurations = (
				7F9842542103FEF500028F33 /* Debug */,
				7F9842552103FEF500028F33 /* Release */,
			);
			defaultConfigurationIsVisible = 0;
			defaultConfigurationName = Release;
		};
		7F9842562103FEF500028F33 /* Build configuration list for PBXNativeTarget "RideSharingTests" */ = {
			isa = XCConfigurationList;
			buildConfigurations = (
				7F9842572103FEF500028F33 /* Debug */,
				7F9842582103FEF500028F33 /* Release */,
			);
			defaultConfigurationIsVisible = 0;
			defaultConfigurationName = Release;
		};
		7F9842592103FEF500028F33 /* Build configuration list for PBXNativeTarget "RideSharingUITests" */ = {
			isa = XCConfigurationList;
			buildConfigurations = (
				7F98425A2103FEF500028F33 /* Debug */,
				7F98425B2103FEF500028F33 /* Release */,
			);
			defaultConfigurationIsVisible = 0;
			defaultConfigurationName = Release;
		};
/* End XCConfigurationList section */
	};
	rootObject = 7F9842232103FEF200028F33 /* Project object */;
}
